
Microsoft Visual Studio Solution File, Format Version 12.00
Project("{FAE04EC0-301F-11D3-BF4B-00C04F79EFBC}") = "Web.API", "Web.API\Web.API.csproj", "{AD15F060-2CC7-4852-BEE4-6656E7DFAC49}"
EndProject
Global
	GlobalSection(SolutionConfigurationPlatforms) = preSolution
		Debug|Any CPU = Debug|Any CPU
		Release|Any CPU = Release|Any CPU
	EndGlobalSection
	GlobalSection(ProjectConfigurationPlatforms) = postSolution
		{AD15F060-2CC7-4852-BEE4-6656E7DFAC49}.Debug|Any CPU.ActiveCfg = Debug|Any CPU
		{AD15F060-2CC7-4852-BEE4-6656E7DFAC49}.Debug|Any CPU.Build.0 = Debug|Any CPU
		{AD15F060-2CC7-4852-BEE4-6656E7DFAC49}.Release|Any CPU.ActiveCfg = Release|Any CPU
		{AD15F060-2CC7-4852-BEE4-6656E7DFAC49}.Release|Any CPU.Build.0 = Release|Any CPU
	EndGlobalSection
EndGlobal
